
Microsoft Visual Studio Solution File, Format Version 12.00
# Visual Studio Version 17
VisualStudioVersion = 17.6.33513.286
MinimumVisualStudioVersion = 10.0.40219.1
Project("{9A19103F-16F7-4668-BE54-9A1E7A4F7556}") = "UI", "UI\UI.csproj", "{69A98AFA-ACED-4D79-AC00-6E26E5DE62AB}"
EndProject
Project("{9A19103F-16F7-4668-BE54-9A1E7A4F7556}") = "Database", "Database\Database.csproj", "{C75C0AAD-49BC-4CF1-9692-D284B286F4C8}"
EndProject
Global
	GlobalSection(SolutionConfigurationPlatforms) = preSolution
		Debug|Any CPU = Debug|Any CPU
		Release|Any CPU = Release|Any CPU
	EndGlobalSection
	GlobalSection(ProjectConfigurationPlatforms) = postSolution
		{23F3D867-1F97-4440-BAF3-33F923A677BB}.Debug|Any CPU.ActiveCfg = Debug|Any CPU
		{23F3D867-1F97-4440-BAF3-33F923A677BB}.Debug|Any CPU.Build.0 = Debug|Any CPU
		{23F3D867-1F97-4440-BAF3-33F923A677BB}.Release|Any CPU.ActiveCfg = Release|Any CPU
		{23F3D867-1F97-4440-BAF3-33F923A677BB}.Release|Any CPU.Build.0 = Release|Any CPU
		{69A98AFA-ACED-4D79-AC00-6E26E5DE62AB}.Debug|Any CPU.ActiveCfg = Debug|Any CPU
		{69A98AFA-ACED-4D79-AC00-6E26E5DE62AB}.Debug|Any CPU.Build.0 = Debug|Any CPU
		{69A98AFA-ACED-4D79-AC00-6E26E5DE62AB}.Release|Any CPU.ActiveCfg = Release|Any CPU
		{69A98AFA-ACED-4D79-AC00-6E26E5DE62AB}.Release|Any CPU.Build.0 = Release|Any CPU
		{C75C0AAD-49BC-4CF1-9692-D284B286F4C8}.Debug|Any CPU.ActiveCfg = Debug|Any CPU
		{C75C0AAD-49BC-4CF1-9692-D284B286F4C8}.Debug|Any CPU.Build.0 = Debug|Any CPU
		{C75C0AAD-49BC-4CF1-9692-D284B286F4C8}.Release|Any CPU.ActiveCfg = Release|Any CPU
		{C75C0AAD-49BC-4CF1-9692-D284B286F4C8}.Release|Any CPU.Build.0 = Release|Any CPU
	EndGlobalSection
	GlobalSection(SolutionProperties) = preSolution
		HideSolutionNode = FALSE
	EndGlobalSection
	GlobalSection(ExtensibilityGlobals) = postSolution
		SolutionGuid = {F1932CFE-8551-4DE5-B715-65F1913EFD95}
	EndGlobalSection
EndGlobal
